
Microsoft Visual Studio Solution File, Format Version 12.00
# Visual Studio Version 17
VisualStudioVersion = 17.10.34928.147
MinimumVisualStudioVersion = 10.0.40219.1
Project("{FAE04EC0-301F-11D3-BF4B-00C04F79EFBC}") = "MachinePark", "MachinePark\MachinePark.csproj", "{EEC41D52-A617-42BD-83CF-6A940C8702D1}"
EndProject
Global
	GlobalSection(SolutionConfigurationPlatforms) = preSolution
		Debug|Any CPU = Debug|Any CPU
		Release|Any CPU = Release|Any CPU
	EndGlobalSection
	GlobalSection(ProjectConfigurationPlatforms) = postSolution
		{EEC41D52-A617-42BD-83CF-6A940C8702D1}.Debug|Any CPU.ActiveCfg = Debug|Any CPU
		{EEC41D52-A617-42BD-83CF-6A940C8702D1}.Debug|Any CPU.Build.0 = Debug|Any CPU
		{EEC41D52-A617-42BD-83CF-6A940C8702D1}.Release|Any CPU.ActiveCfg = Release|Any CPU
		{EEC41D52-A617-42BD-83CF-6A940C8702D1}.Release|Any CPU.Build.0 = Release|Any CPU
	EndGlobalSection
	GlobalSection(SolutionProperties) = preSolution
		HideSolutionNode = FALSE
	EndGlobalSection
	GlobalSection(ExtensibilityGlobals) = postSolution
		SolutionGuid = {02900273-F319-46E1-B4FE-86B2B2E1EA76}
	EndGlobalSection
EndGlobal
