
Microsoft Visual Studio Solution File, Format Version 12.00
# Visual Studio Version 17
VisualStudioVersion = 17.10.34928.147
MinimumVisualStudioVersion = 10.0.40219.1
Project("{9A19103F-16F7-4668-BE54-9A1E7A4F7556}") = "MachinePark.Domain", "MachinePark.Domain\MachinePark.Domain.csproj", "{8CA5D9EB-5D1B-41B1-AC94-3502BF979364}"
EndProject
Project("{9A19103F-16F7-4668-BE54-9A1E7A4F7556}") = "MachinePark.Persistence", "MachinePark.Persistence\MachinePark.Persistence.csproj", "{145AEB9C-9215-41DA-8961-FC46CEA00DB9}"
EndProject
Project("{9A19103F-16F7-4668-BE54-9A1E7A4F7556}") = "MachinePark.Web", "MachinePark.Web\MachinePark.Web.csproj", "{177EBDFE-379A-4198-8CC8-779FC9652214}"
EndProject
Project("{9A19103F-16F7-4668-BE54-9A1E7A4F7556}") = "MachinePark.Api", "MachinePark.Api\MachinePark.Api.csproj", "{74F63370-DA23-43F5-944F-399A1DEEBFE1}"
EndProject
Project("{9A19103F-16F7-4668-BE54-9A1E7A4F7556}") = "MachinePark.Shared", "MachinePark.Shared\MachinePark.Shared.csproj", "{E20391F8-849D-40CA-9656-FC68EAF35DCB}"
EndProject
Global
	GlobalSection(SolutionConfigurationPlatforms) = preSolution
		Debug|Any CPU = Debug|Any CPU
		Release|Any CPU = Release|Any CPU
	EndGlobalSection
	GlobalSection(ProjectConfigurationPlatforms) = postSolution
		{8CA5D9EB-5D1B-41B1-AC94-3502BF979364}.Debug|Any CPU.ActiveCfg = Debug|Any CPU
		{8CA5D9EB-5D1B-41B1-AC94-3502BF979364}.Debug|Any CPU.Build.0 = Debug|Any CPU
		{8CA5D9EB-5D1B-41B1-AC94-3502BF979364}.Release|Any CPU.ActiveCfg = Release|Any CPU
		{8CA5D9EB-5D1B-41B1-AC94-3502BF979364}.Release|Any CPU.Build.0 = Release|Any CPU
		{145AEB9C-9215-41DA-8961-FC46CEA00DB9}.Debug|Any CPU.ActiveCfg = Debug|Any CPU
		{145AEB9C-9215-41DA-8961-FC46CEA00DB9}.Debug|Any CPU.Build.0 = Debug|Any CPU
		{145AEB9C-9215-41DA-8961-FC46CEA00DB9}.Release|Any CPU.ActiveCfg = Release|Any CPU
		{145AEB9C-9215-41DA-8961-FC46CEA00DB9}.Release|Any CPU.Build.0 = Release|Any CPU
		{177EBDFE-379A-4198-8CC8-779FC9652214}.Debug|Any CPU.ActiveCfg = Debug|Any CPU
		{177EBDFE-379A-4198-8CC8-779FC9652214}.Debug|Any CPU.Build.0 = Debug|Any CPU
		{177EBDFE-379A-4198-8CC8-779FC9652214}.Release|Any CPU.ActiveCfg = Release|Any CPU
		{177EBDFE-379A-4198-8CC8-779FC9652214}.Release|Any CPU.Build.0 = Release|Any CPU
		{74F63370-DA23-43F5-944F-399A1DEEBFE1}.Debug|Any CPU.ActiveCfg = Debug|Any CPU
		{74F63370-DA23-43F5-944F-399A1DEEBFE1}.Debug|Any CPU.Build.0 = Debug|Any CPU
		{74F63370-DA23-43F5-944F-399A1DEEBFE1}.Release|Any CPU.ActiveCfg = Release|Any CPU
		{74F63370-DA23-43F5-944F-399A1DEEBFE1}.Release|Any CPU.Build.0 = Release|Any CPU
		{E20391F8-849D-40CA-9656-FC68EAF35DCB}.Debug|Any CPU.ActiveCfg = Debug|Any CPU
		{E20391F8-849D-40CA-9656-FC68EAF35DCB}.Debug|Any CPU.Build.0 = Debug|Any CPU
		{E20391F8-849D-40CA-9656-FC68EAF35DCB}.Release|Any CPU.ActiveCfg = Release|Any CPU
		{E20391F8-849D-40CA-9656-FC68EAF35DCB}.Release|Any CPU.Build.0 = Release|Any CPU
	EndGlobalSection
	GlobalSection(SolutionProperties) = preSolution
		HideSolutionNode = FALSE
	EndGlobalSection
	GlobalSection(ExtensibilityGlobals) = postSolution
		SolutionGuid = {02900273-F319-46E1-B4FE-86B2B2E1EA76}
	EndGlobalSection
EndGlobal
